
Microsoft Visual Studio Solution File, Format Version 12.00
# Visual Studio Version 16
VisualStudioVersion = 16.0.30503.244
MinimumVisualStudioVersion = 10.0.40219.1
Project("{FAE04EC0-301F-11D3-BF4B-00C04F79EFBC}") = "ConsoleDH", "ConsoleDH.csproj", "{03C02E94-5FB3-48A4-9D06-5F076ACC0DCF}"
EndProject
Global
	GlobalSection(SolutionConfigurationPlatforms) = preSolution
		Debug|Any CPU = Debug|Any CPU
		Release|Any CPU = Release|Any CPU
	EndGlobalSection
	GlobalSection(ProjectConfigurationPlatforms) = postSolution
		{03C02E94-5FB3-48A4-9D06-5F076ACC0DCF}.Debug|Any CPU.ActiveCfg = Debug|Any CPU
		{03C02E94-5FB3-48A4-9D06-5F076ACC0DCF}.Debug|Any CPU.Build.0 = Debug|Any CPU
		{03C02E94-5FB3-48A4-9D06-5F076ACC0DCF}.Release|Any CPU.ActiveCfg = Release|Any CPU
		{03C02E94-5FB3-48A4-9D06-5F076ACC0DCF}.Release|Any CPU.Build.0 = Release|Any CPU
	EndGlobalSection
	GlobalSection(SolutionProperties) = preSolution
		HideSolutionNode = FALSE
	EndGlobalSection
	GlobalSection(ExtensibilityGlobals) = postSolution
		SolutionGuid = {2B04D771-D61D-458E-A8E4-4EE7271138D4}
	EndGlobalSection
EndGlobal
